
Microsoft Visual Studio Solution File, Format Version 12.00
# Visual Studio Version 16
VisualStudioVersion = 16.0.29920.165
MinimumVisualStudioVersion = 10.0.40219.1
Project("{FAE04EC0-301F-11D3-BF4B-00C04F79EFBC}") = "FeedTN", "FeedTN\FeedTN.csproj", "{DF662D29-8F96-453D-987C-88EACC26218A}"
EndProject
Global
	GlobalSection(SolutionConfigurationPlatforms) = preSolution
		Debug|Any CPU = Debug|Any CPU
		Release|Any CPU = Release|Any CPU
	EndGlobalSection
	GlobalSection(ProjectConfigurationPlatforms) = postSolution
		{DF662D29-8F96-453D-987C-88EACC26218A}.Debug|Any CPU.ActiveCfg = Debug|Any CPU
		{DF662D29-8F96-453D-987C-88EACC26218A}.Debug|Any CPU.Build.0 = Debug|Any CPU
		{DF662D29-8F96-453D-987C-88EACC26218A}.Release|Any CPU.ActiveCfg = Release|Any CPU
		{DF662D29-8F96-453D-987C-88EACC26218A}.Release|Any CPU.Build.0 = Release|Any CPU
	EndGlobalSection
	GlobalSection(SolutionProperties) = preSolution
		HideSolutionNode = FALSE
	EndGlobalSection
	GlobalSection(ExtensibilityGlobals) = postSolution
		SolutionGuid = {D0E763CB-28DB-450F-B437-F240D999F474}
	EndGlobalSection
EndGlobal
